
Microsoft Visual Studio Solution File, Format Version 12.00
Project("{FAE04EC0-301F-11D3-BF4B-00C04F79EFBC}") = "Palindromes", "Palindromes\Palindromes.csproj", "{3A36046B-41E1-460F-A72F-086D1C8801B2}"
EndProject
Project("{FAE04EC0-301F-11D3-BF4B-00C04F79EFBC}") = "PalindromesTests", "PalindromesTests\PalindromesTests.csproj", "{B61C36D2-2976-41B6-B312-DD9712D5E245}"
EndProject
Global
	GlobalSection(SolutionConfigurationPlatforms) = preSolution
		Debug|Any CPU = Debug|Any CPU
		Release|Any CPU = Release|Any CPU
	EndGlobalSection
	GlobalSection(ProjectConfigurationPlatforms) = postSolution
		{3A36046B-41E1-460F-A72F-086D1C8801B2}.Debug|Any CPU.ActiveCfg = Debug|Any CPU
		{3A36046B-41E1-460F-A72F-086D1C8801B2}.Debug|Any CPU.Build.0 = Debug|Any CPU
		{3A36046B-41E1-460F-A72F-086D1C8801B2}.Release|Any CPU.ActiveCfg = Release|Any CPU
		{3A36046B-41E1-460F-A72F-086D1C8801B2}.Release|Any CPU.Build.0 = Release|Any CPU
		{B61C36D2-2976-41B6-B312-DD9712D5E245}.Debug|Any CPU.ActiveCfg = Debug|Any CPU
		{B61C36D2-2976-41B6-B312-DD9712D5E245}.Debug|Any CPU.Build.0 = Debug|Any CPU
		{B61C36D2-2976-41B6-B312-DD9712D5E245}.Release|Any CPU.ActiveCfg = Release|Any CPU
		{B61C36D2-2976-41B6-B312-DD9712D5E245}.Release|Any CPU.Build.0 = Release|Any CPU
	EndGlobalSection
EndGlobal
