
Microsoft Visual Studio Solution File, Format Version 12.00
Project("{FAE04EC0-301F-11D3-BF4B-00C04F79EFBC}") = "PalindromesKata", "PalindromesKata\PalindromesKata.csproj", "{915068CF-93BB-4301-A407-CBC0178C329B}"
EndProject
Project("{FAE04EC0-301F-11D3-BF4B-00C04F79EFBC}") = "PalindromesKataTests", "PalindromesKataTests\PalindromesKataTests.csproj", "{1190310E-6A73-4B18-B0A1-C13D86D72F5D}"
EndProject
Project("{FAE04EC0-301F-11D3-BF4B-00C04F79EFBC}") = "RomanNumerals", "RomanNumerals\RomanNumerals.csproj", "{38025778-3F86-48C2-8C88-724EEF447495}"
EndProject
Project("{FAE04EC0-301F-11D3-BF4B-00C04F79EFBC}") = "RomanNumeralsTests", "RomanNumeralsTests\RomanNumeralsTests.csproj", "{59B3D022-996F-4262-98DA-C7032687D72D}"
EndProject
Global
	GlobalSection(SolutionConfigurationPlatforms) = preSolution
		Debug|Any CPU = Debug|Any CPU
		Release|Any CPU = Release|Any CPU
	EndGlobalSection
	GlobalSection(ProjectConfigurationPlatforms) = postSolution
		{915068CF-93BB-4301-A407-CBC0178C329B}.Debug|Any CPU.ActiveCfg = Debug|Any CPU
		{915068CF-93BB-4301-A407-CBC0178C329B}.Debug|Any CPU.Build.0 = Debug|Any CPU
		{915068CF-93BB-4301-A407-CBC0178C329B}.Release|Any CPU.ActiveCfg = Release|Any CPU
		{915068CF-93BB-4301-A407-CBC0178C329B}.Release|Any CPU.Build.0 = Release|Any CPU
		{1190310E-6A73-4B18-B0A1-C13D86D72F5D}.Debug|Any CPU.ActiveCfg = Debug|Any CPU
		{1190310E-6A73-4B18-B0A1-C13D86D72F5D}.Debug|Any CPU.Build.0 = Debug|Any CPU
		{1190310E-6A73-4B18-B0A1-C13D86D72F5D}.Release|Any CPU.ActiveCfg = Release|Any CPU
		{1190310E-6A73-4B18-B0A1-C13D86D72F5D}.Release|Any CPU.Build.0 = Release|Any CPU
		{38025778-3F86-48C2-8C88-724EEF447495}.Debug|Any CPU.ActiveCfg = Debug|Any CPU
		{38025778-3F86-48C2-8C88-724EEF447495}.Debug|Any CPU.Build.0 = Debug|Any CPU
		{38025778-3F86-48C2-8C88-724EEF447495}.Release|Any CPU.ActiveCfg = Release|Any CPU
		{38025778-3F86-48C2-8C88-724EEF447495}.Release|Any CPU.Build.0 = Release|Any CPU
		{59B3D022-996F-4262-98DA-C7032687D72D}.Debug|Any CPU.ActiveCfg = Debug|Any CPU
		{59B3D022-996F-4262-98DA-C7032687D72D}.Debug|Any CPU.Build.0 = Debug|Any CPU
		{59B3D022-996F-4262-98DA-C7032687D72D}.Release|Any CPU.ActiveCfg = Release|Any CPU
		{59B3D022-996F-4262-98DA-C7032687D72D}.Release|Any CPU.Build.0 = Release|Any CPU
	EndGlobalSection
EndGlobal
